
Microsoft Visual Studio Solution File, Format Version 12.00
# Visual Studio Version 16
VisualStudioVersion = 16.0.30011.22
MinimumVisualStudioVersion = 10.0.40219.1
Project("{9A19103F-16F7-4668-BE54-9A1E7A4F7556}") = "searchFight", "searchFight\searchFight.csproj", "{FE19DD8F-9931-492A-87DC-98F02EC160FC}"
EndProject
Project("{FAE04EC0-301F-11D3-BF4B-00C04F79EFBC}") = "NUnitTestProject1", "NUnitTestProject1\NUnitTestProject1.csproj", "{FC5FB1F5-8F87-4776-B780-2D914DB6AF27}"
EndProject
Global
	GlobalSection(SolutionConfigurationPlatforms) = preSolution
		Debug|Any CPU = Debug|Any CPU
		Release|Any CPU = Release|Any CPU
	EndGlobalSection
	GlobalSection(ProjectConfigurationPlatforms) = postSolution
		{FE19DD8F-9931-492A-87DC-98F02EC160FC}.Debug|Any CPU.ActiveCfg = Debug|Any CPU
		{FE19DD8F-9931-492A-87DC-98F02EC160FC}.Debug|Any CPU.Build.0 = Debug|Any CPU
		{FE19DD8F-9931-492A-87DC-98F02EC160FC}.Release|Any CPU.ActiveCfg = Release|Any CPU
		{FE19DD8F-9931-492A-87DC-98F02EC160FC}.Release|Any CPU.Build.0 = Release|Any CPU
		{FC5FB1F5-8F87-4776-B780-2D914DB6AF27}.Debug|Any CPU.ActiveCfg = Debug|Any CPU
		{FC5FB1F5-8F87-4776-B780-2D914DB6AF27}.Debug|Any CPU.Build.0 = Debug|Any CPU
		{FC5FB1F5-8F87-4776-B780-2D914DB6AF27}.Release|Any CPU.ActiveCfg = Release|Any CPU
		{FC5FB1F5-8F87-4776-B780-2D914DB6AF27}.Release|Any CPU.Build.0 = Release|Any CPU
	EndGlobalSection
	GlobalSection(SolutionProperties) = preSolution
		HideSolutionNode = FALSE
	EndGlobalSection
	GlobalSection(ExtensibilityGlobals) = postSolution
		SolutionGuid = {12857B4E-967E-41A8-89DA-499803E615BB}
	EndGlobalSection
EndGlobal
